
Microsoft Visual Studio Solution File, Format Version 12.00
# Visual Studio Version 17
VisualStudioVersion = 17.4.33110.190
MinimumVisualStudioVersion = 10.0.40219.1
Project("{FAE04EC0-301F-11D3-BF4B-00C04F79EFBC}") = "SampleSellerBuyer", "SampleSellerBuyer\SampleSellerBuyer.csproj", "{7E569B4E-6935-4EE2-BEF9-852D9B240757}"
EndProject
Global
	GlobalSection(SolutionConfigurationPlatforms) = preSolution
		Debug|Any CPU = Debug|Any CPU
		Release|Any CPU = Release|Any CPU
	EndGlobalSection
	GlobalSection(ProjectConfigurationPlatforms) = postSolution
		{7E569B4E-6935-4EE2-BEF9-852D9B240757}.Debug|Any CPU.ActiveCfg = Debug|Any CPU
		{7E569B4E-6935-4EE2-BEF9-852D9B240757}.Debug|Any CPU.Build.0 = Debug|Any CPU
		{7E569B4E-6935-4EE2-BEF9-852D9B240757}.Release|Any CPU.ActiveCfg = Release|Any CPU
		{7E569B4E-6935-4EE2-BEF9-852D9B240757}.Release|Any CPU.Build.0 = Release|Any CPU
	EndGlobalSection
	GlobalSection(SolutionProperties) = preSolution
		HideSolutionNode = FALSE
	EndGlobalSection
	GlobalSection(ExtensibilityGlobals) = postSolution
		SolutionGuid = {6CC343DE-4C3A-4032-9757-34AD9C46AC73}
	EndGlobalSection
EndGlobal
